
Microsoft Visual Studio Solution File, Format Version 12.00
# Visual Studio 15
VisualStudioVersion = 15.0.27130.2020
MinimumVisualStudioVersion = 10.0.40219.1
Project("{FAE04EC0-301F-11D3-BF4B-00C04F79EFBC}") = "Boxer", "Boxer\Boxer.csproj", "{54CA82ED-DA9F-4234-B4F2-F88EC2CFCEDE}"
EndProject
Project("{FAE04EC0-301F-11D3-BF4B-00C04F79EFBC}") = "BoxerDLL", "BoxerDLL\BoxerDLL.csproj", "{A271C8C9-6918-4CF7-A03C-409C3B0ECA0D}"
EndProject
Project("{FAE04EC0-301F-11D3-BF4B-00C04F79EFBC}") = "GeneticOptimizer", "GeneticOptimizer\GeneticOptimizer.csproj", "{9E9825AB-D821-4CC5-A1D3-E254CCB96128}"
EndProject
Project("{FAE04EC0-301F-11D3-BF4B-00C04F79EFBC}") = "NeuralNetwork", "NeuralNetwork\NeuralNetwork.csproj", "{CA0FDAF6-8367-4BB2-B939-AD232FCB1193}"
EndProject
Project("{FAE04EC0-301F-11D3-BF4B-00C04F79EFBC}") = "NetworkTests", "NetworkTests\NetworkTests.csproj", "{95B51924-C759-4139-BE95-7AB18AB2918E}"
EndProject
Project("{FAE04EC0-301F-11D3-BF4B-00C04F79EFBC}") = "TestLibrary", "TestLibrary\TestLibrary.csproj", "{E63D83A3-2D55-45A7-AE26-9BAA487C59C4}"
EndProject
Project("{FAE04EC0-301F-11D3-BF4B-00C04F79EFBC}") = "NetworkLab", "NetworkLab\NetworkLab.csproj", "{40A163B6-44AE-4D69-95D3-D821574F28E6}"
EndProject
Project("{8BC9CEB8-8B4A-11D0-8D11-00A0C91BC942}") = "ClassLibrary1", "ClassLibrary1\ClassLibrary1.vcxproj", "{A06F73ED-36D7-449C-9144-E78DE45EB59D}"
EndProject
Project("{FAE04EC0-301F-11D3-BF4B-00C04F79EFBC}") = "Autoencoder", "Autoencoder\Autoencoder.csproj", "{1D97D205-69B6-49D9-A729-E8424D46AA1C}"
EndProject
Project("{FAE04EC0-301F-11D3-BF4B-00C04F79EFBC}") = "Matrix", "Matrix\Matrix.csproj", "{D60062D1-2679-4B43-9E50-13E45C1AA18A}"
EndProject
Global
	GlobalSection(SolutionConfigurationPlatforms) = preSolution
		Debug|Any CPU = Debug|Any CPU
		Debug|x64 = Debug|x64
		Debug|x86 = Debug|x86
		Release|Any CPU = Release|Any CPU
		Release|x64 = Release|x64
		Release|x86 = Release|x86
	EndGlobalSection
	GlobalSection(ProjectConfigurationPlatforms) = postSolution
		{54CA82ED-DA9F-4234-B4F2-F88EC2CFCEDE}.Debug|Any CPU.ActiveCfg = Debug|Any CPU
		{54CA82ED-DA9F-4234-B4F2-F88EC2CFCEDE}.Debug|Any CPU.Build.0 = Debug|Any CPU
		{54CA82ED-DA9F-4234-B4F2-F88EC2CFCEDE}.Debug|x64.ActiveCfg = Debug|Any CPU
		{54CA82ED-DA9F-4234-B4F2-F88EC2CFCEDE}.Debug|x64.Build.0 = Debug|Any CPU
		{54CA82ED-DA9F-4234-B4F2-F88EC2CFCEDE}.Debug|x86.ActiveCfg = Debug|Any CPU
		{54CA82ED-DA9F-4234-B4F2-F88EC2CFCEDE}.Debug|x86.Build.0 = Debug|Any CPU
		{54CA82ED-DA9F-4234-B4F2-F88EC2CFCEDE}.Release|Any CPU.ActiveCfg = Release|Any CPU
		{54CA82ED-DA9F-4234-B4F2-F88EC2CFCEDE}.Release|Any CPU.Build.0 = Release|Any CPU
		{54CA82ED-DA9F-4234-B4F2-F88EC2CFCEDE}.Release|x64.ActiveCfg = Release|Any CPU
		{54CA82ED-DA9F-4234-B4F2-F88EC2CFCEDE}.Release|x64.Build.0 = Release|Any CPU
		{54CA82ED-DA9F-4234-B4F2-F88EC2CFCEDE}.Release|x86.ActiveCfg = Release|Any CPU
		{54CA82ED-DA9F-4234-B4F2-F88EC2CFCEDE}.Release|x86.Build.0 = Release|Any CPU
		{A271C8C9-6918-4CF7-A03C-409C3B0ECA0D}.Debug|Any CPU.ActiveCfg = Debug|Any CPU
		{A271C8C9-6918-4CF7-A03C-409C3B0ECA0D}.Debug|Any CPU.Build.0 = Debug|Any CPU
		{A271C8C9-6918-4CF7-A03C-409C3B0ECA0D}.Debug|x64.ActiveCfg = Debug|Any CPU
		{A271C8C9-6918-4CF7-A03C-409C3B0ECA0D}.Debug|x64.Build.0 = Debug|Any CPU
		{A271C8C9-6918-4CF7-A03C-409C3B0ECA0D}.Debug|x86.ActiveCfg = Debug|Any CPU
		{A271C8C9-6918-4CF7-A03C-409C3B0ECA0D}.Debug|x86.Build.0 = Debug|Any CPU
		{A271C8C9-6918-4CF7-A03C-409C3B0ECA0D}.Release|Any CPU.ActiveCfg = Release|Any CPU
		{A271C8C9-6918-4CF7-A03C-409C3B0ECA0D}.Release|Any CPU.Build.0 = Release|Any CPU
		{A271C8C9-6918-4CF7-A03C-409C3B0ECA0D}.Release|x64.ActiveCfg = Release|Any CPU
		{A271C8C9-6918-4CF7-A03C-409C3B0ECA0D}.Release|x64.Build.0 = Release|Any CPU
		{A271C8C9-6918-4CF7-A03C-409C3B0ECA0D}.Release|x86.ActiveCfg = Release|Any CPU
		{A271C8C9-6918-4CF7-A03C-409C3B0ECA0D}.Release|x86.Build.0 = Release|Any CPU
		{9E9825AB-D821-4CC5-A1D3-E254CCB96128}.Debug|Any CPU.ActiveCfg = Debug|Any CPU
		{9E9825AB-D821-4CC5-A1D3-E254CCB96128}.Debug|Any CPU.Build.0 = Debug|Any CPU
		{9E9825AB-D821-4CC5-A1D3-E254CCB96128}.Debug|x64.ActiveCfg = Debug|Any CPU
		{9E9825AB-D821-4CC5-A1D3-E254CCB96128}.Debug|x64.Build.0 = Debug|Any CPU
		{9E9825AB-D821-4CC5-A1D3-E254CCB96128}.Debug|x86.ActiveCfg = Debug|Any CPU
		{9E9825AB-D821-4CC5-A1D3-E254CCB96128}.Debug|x86.Build.0 = Debug|Any CPU
		{9E9825AB-D821-4CC5-A1D3-E254CCB96128}.Release|Any CPU.ActiveCfg = Release|Any CPU
		{9E9825AB-D821-4CC5-A1D3-E254CCB96128}.Release|Any CPU.Build.0 = Release|Any CPU
		{9E9825AB-D821-4CC5-A1D3-E254CCB96128}.Release|x64.ActiveCfg = Release|Any CPU
		{9E9825AB-D821-4CC5-A1D3-E254CCB96128}.Release|x64.Build.0 = Release|Any CPU
		{9E9825AB-D821-4CC5-A1D3-E254CCB96128}.Release|x86.ActiveCfg = Release|Any CPU
		{9E9825AB-D821-4CC5-A1D3-E254CCB96128}.Release|x86.Build.0 = Release|Any CPU
		{CA0FDAF6-8367-4BB2-B939-AD232FCB1193}.Debug|Any CPU.ActiveCfg = Debug|Any CPU
		{CA0FDAF6-8367-4BB2-B939-AD232FCB1193}.Debug|Any CPU.Build.0 = Debug|Any CPU
		{CA0FDAF6-8367-4BB2-B939-AD232FCB1193}.Debug|x64.ActiveCfg = Debug|Any CPU
		{CA0FDAF6-8367-4BB2-B939-AD232FCB1193}.Debug|x64.Build.0 = Debug|Any CPU
		{CA0FDAF6-8367-4BB2-B939-AD232FCB1193}.Debug|x86.ActiveCfg = Debug|Any CPU
		{CA0FDAF6-8367-4BB2-B939-AD232FCB1193}.Debug|x86.Build.0 = Debug|Any CPU
		{CA0FDAF6-8367-4BB2-B939-AD232FCB1193}.Release|Any CPU.ActiveCfg = Release|Any CPU
		{CA0FDAF6-8367-4BB2-B939-AD232FCB1193}.Release|Any CPU.Build.0 = Release|Any CPU
		{CA0FDAF6-8367-4BB2-B939-AD232FCB1193}.Release|x64.ActiveCfg = Release|Any CPU
		{CA0FDAF6-8367-4BB2-B939-AD232FCB1193}.Release|x64.Build.0 = Release|Any CPU
		{CA0FDAF6-8367-4BB2-B939-AD232FCB1193}.Release|x86.ActiveCfg = Release|Any CPU
		{CA0FDAF6-8367-4BB2-B939-AD232FCB1193}.Release|x86.Build.0 = Release|Any CPU
		{95B51924-C759-4139-BE95-7AB18AB2918E}.Debug|Any CPU.ActiveCfg = Debug|Any CPU
		{95B51924-C759-4139-BE95-7AB18AB2918E}.Debug|Any CPU.Build.0 = Debug|Any CPU
		{95B51924-C759-4139-BE95-7AB18AB2918E}.Debug|x64.ActiveCfg = Debug|Any CPU
		{95B51924-C759-4139-BE95-7AB18AB2918E}.Debug|x64.Build.0 = Debug|Any CPU
		{95B51924-C759-4139-BE95-7AB18AB2918E}.Debug|x86.ActiveCfg = Debug|Any CPU
		{95B51924-C759-4139-BE95-7AB18AB2918E}.Debug|x86.Build.0 = Debug|Any CPU
		{95B51924-C759-4139-BE95-7AB18AB2918E}.Release|Any CPU.ActiveCfg = Release|Any CPU
		{95B51924-C759-4139-BE95-7AB18AB2918E}.Release|Any CPU.Build.0 = Release|Any CPU
		{95B51924-C759-4139-BE95-7AB18AB2918E}.Release|x64.ActiveCfg = Release|Any CPU
		{95B51924-C759-4139-BE95-7AB18AB2918E}.Release|x64.Build.0 = Release|Any CPU
		{95B51924-C759-4139-BE95-7AB18AB2918E}.Release|x86.ActiveCfg = Release|Any CPU
		{95B51924-C759-4139-BE95-7AB18AB2918E}.Release|x86.Build.0 = Release|Any CPU
		{E63D83A3-2D55-45A7-AE26-9BAA487C59C4}.Debug|Any CPU.ActiveCfg = Debug|Any CPU
		{E63D83A3-2D55-45A7-AE26-9BAA487C59C4}.Debug|Any CPU.Build.0 = Debug|Any CPU
		{E63D83A3-2D55-45A7-AE26-9BAA487C59C4}.Debug|x64.ActiveCfg = Debug|Any CPU
		{E63D83A3-2D55-45A7-AE26-9BAA487C59C4}.Debug|x64.Build.0 = Debug|Any CPU
		{E63D83A3-2D55-45A7-AE26-9BAA487C59C4}.Debug|x86.ActiveCfg = Debug|Any CPU
		{E63D83A3-2D55-45A7-AE26-9BAA487C59C4}.Debug|x86.Build.0 = Debug|Any CPU
		{E63D83A3-2D55-45A7-AE26-9BAA487C59C4}.Release|Any CPU.ActiveCfg = Release|Any CPU
		{E63D83A3-2D55-45A7-AE26-9BAA487C59C4}.Release|Any CPU.Build.0 = Release|Any CPU
		{E63D83A3-2D55-45A7-AE26-9BAA487C59C4}.Release|x64.ActiveCfg = Release|Any CPU
		{E63D83A3-2D55-45A7-AE26-9BAA487C59C4}.Release|x64.Build.0 = Release|Any CPU
		{E63D83A3-2D55-45A7-AE26-9BAA487C59C4}.Release|x86.ActiveCfg = Release|Any CPU
		{E63D83A3-2D55-45A7-AE26-9BAA487C59C4}.Release|x86.Build.0 = Release|Any CPU
		{40A163B6-44AE-4D69-95D3-D821574F28E6}.Debug|Any CPU.ActiveCfg = Debug|Any CPU
		{40A163B6-44AE-4D69-95D3-D821574F28E6}.Debug|Any CPU.Build.0 = Debug|Any CPU
		{40A163B6-44AE-4D69-95D3-D821574F28E6}.Debug|x64.ActiveCfg = Debug|Any CPU
		{40A163B6-44AE-4D69-95D3-D821574F28E6}.Debug|x64.Build.0 = Debug|Any CPU
		{40A163B6-44AE-4D69-95D3-D821574F28E6}.Debug|x86.ActiveCfg = Debug|Any CPU
		{40A163B6-44AE-4D69-95D3-D821574F28E6}.Debug|x86.Build.0 = Debug|Any CPU
		{40A163B6-44AE-4D69-95D3-D821574F28E6}.Release|Any CPU.ActiveCfg = Release|Any CPU
		{40A163B6-44AE-4D69-95D3-D821574F28E6}.Release|Any CPU.Build.0 = Release|Any CPU
		{40A163B6-44AE-4D69-95D3-D821574F28E6}.Release|x64.ActiveCfg = Release|Any CPU
		{40A163B6-44AE-4D69-95D3-D821574F28E6}.Release|x64.Build.0 = Release|Any CPU
		{40A163B6-44AE-4D69-95D3-D821574F28E6}.Release|x86.ActiveCfg = Release|Any CPU
		{40A163B6-44AE-4D69-95D3-D821574F28E6}.Release|x86.Build.0 = Release|Any CPU
		{A06F73ED-36D7-449C-9144-E78DE45EB59D}.Debug|Any CPU.ActiveCfg = Debug|Win32
		{A06F73ED-36D7-449C-9144-E78DE45EB59D}.Debug|x64.ActiveCfg = Debug|x64
		{A06F73ED-36D7-449C-9144-E78DE45EB59D}.Debug|x64.Build.0 = Debug|x64
		{A06F73ED-36D7-449C-9144-E78DE45EB59D}.Debug|x86.ActiveCfg = Debug|Win32
		{A06F73ED-36D7-449C-9144-E78DE45EB59D}.Debug|x86.Build.0 = Debug|Win32
		{A06F73ED-36D7-449C-9144-E78DE45EB59D}.Release|Any CPU.ActiveCfg = Release|Win32
		{A06F73ED-36D7-449C-9144-E78DE45EB59D}.Release|x64.ActiveCfg = Release|x64
		{A06F73ED-36D7-449C-9144-E78DE45EB59D}.Release|x64.Build.0 = Release|x64
		{A06F73ED-36D7-449C-9144-E78DE45EB59D}.Release|x86.ActiveCfg = Release|Win32
		{A06F73ED-36D7-449C-9144-E78DE45EB59D}.Release|x86.Build.0 = Release|Win32
		{1D97D205-69B6-49D9-A729-E8424D46AA1C}.Debug|Any CPU.ActiveCfg = Debug|Any CPU
		{1D97D205-69B6-49D9-A729-E8424D46AA1C}.Debug|Any CPU.Build.0 = Debug|Any CPU
		{1D97D205-69B6-49D9-A729-E8424D46AA1C}.Debug|x64.ActiveCfg = Debug|Any CPU
		{1D97D205-69B6-49D9-A729-E8424D46AA1C}.Debug|x64.Build.0 = Debug|Any CPU
		{1D97D205-69B6-49D9-A729-E8424D46AA1C}.Debug|x86.ActiveCfg = Debug|Any CPU
		{1D97D205-69B6-49D9-A729-E8424D46AA1C}.Debug|x86.Build.0 = Debug|Any CPU
		{1D97D205-69B6-49D9-A729-E8424D46AA1C}.Release|Any CPU.ActiveCfg = Release|Any CPU
		{1D97D205-69B6-49D9-A729-E8424D46AA1C}.Release|Any CPU.Build.0 = Release|Any CPU
		{1D97D205-69B6-49D9-A729-E8424D46AA1C}.Release|x64.ActiveCfg = Release|Any CPU
		{1D97D205-69B6-49D9-A729-E8424D46AA1C}.Release|x64.Build.0 = Release|Any CPU
		{1D97D205-69B6-49D9-A729-E8424D46AA1C}.Release|x86.ActiveCfg = Release|Any CPU
		{1D97D205-69B6-49D9-A729-E8424D46AA1C}.Release|x86.Build.0 = Release|Any CPU
		{D60062D1-2679-4B43-9E50-13E45C1AA18A}.Debug|Any CPU.ActiveCfg = Debug|Any CPU
		{D60062D1-2679-4B43-9E50-13E45C1AA18A}.Debug|Any CPU.Build.0 = Debug|Any CPU
		{D60062D1-2679-4B43-9E50-13E45C1AA18A}.Debug|x64.ActiveCfg = Debug|Any CPU
		{D60062D1-2679-4B43-9E50-13E45C1AA18A}.Debug|x64.Build.0 = Debug|Any CPU
		{D60062D1-2679-4B43-9E50-13E45C1AA18A}.Debug|x86.ActiveCfg = Debug|Any CPU
		{D60062D1-2679-4B43-9E50-13E45C1AA18A}.Debug|x86.Build.0 = Debug|Any CPU
		{D60062D1-2679-4B43-9E50-13E45C1AA18A}.Release|Any CPU.ActiveCfg = Release|Any CPU
		{D60062D1-2679-4B43-9E50-13E45C1AA18A}.Release|Any CPU.Build.0 = Release|Any CPU
		{D60062D1-2679-4B43-9E50-13E45C1AA18A}.Release|x64.ActiveCfg = Release|Any CPU
		{D60062D1-2679-4B43-9E50-13E45C1AA18A}.Release|x64.Build.0 = Release|Any CPU
		{D60062D1-2679-4B43-9E50-13E45C1AA18A}.Release|x86.ActiveCfg = Release|Any CPU
		{D60062D1-2679-4B43-9E50-13E45C1AA18A}.Release|x86.Build.0 = Release|Any CPU
	EndGlobalSection
	GlobalSection(SolutionProperties) = preSolution
		HideSolutionNode = FALSE
	EndGlobalSection
	GlobalSection(ExtensibilityGlobals) = postSolution
		SolutionGuid = {7FF68CFF-2ECB-4C1B-8DA0-6F117BB5AFAB}
	EndGlobalSection
EndGlobal
